
Microsoft Visual Studio Solution File, Format Version 12.00
# Visual Studio 15
VisualStudioVersion = 15.0.27428.2015
MinimumVisualStudioVersion = 10.0.40219.1
Project("{FAE04EC0-301F-11D3-BF4B-00C04F79EFBC}") = "Nop.Plugin.Widgets.Employees", "Nop.Plugin.Widgets.Employees\Nop.Plugin.Widgets.Employees.csproj", "{83FC2D39-1955-4779-9887-5B0461224C79}"
EndProject
Global
	GlobalSection(SolutionConfigurationPlatforms) = preSolution
		Debug|Any CPU = Debug|Any CPU
		Release|Any CPU = Release|Any CPU
	EndGlobalSection
	GlobalSection(ProjectConfigurationPlatforms) = postSolution
		{83FC2D39-1955-4779-9887-5B0461224C79}.Debug|Any CPU.ActiveCfg = Debug|Any CPU
		{83FC2D39-1955-4779-9887-5B0461224C79}.Debug|Any CPU.Build.0 = Debug|Any CPU
		{83FC2D39-1955-4779-9887-5B0461224C79}.Release|Any CPU.ActiveCfg = Release|Any CPU
		{83FC2D39-1955-4779-9887-5B0461224C79}.Release|Any CPU.Build.0 = Release|Any CPU
	EndGlobalSection
	GlobalSection(SolutionProperties) = preSolution
		HideSolutionNode = FALSE
	EndGlobalSection
	GlobalSection(ExtensibilityGlobals) = postSolution
		LessCompiler = 83fc2d39-1955-4779-9887-5b0461224c79
		SolutionGuid = {EC22C118-6015-4F38-9598-325DC8B6E2C6}
	EndGlobalSection
EndGlobal
